{
  "name": "open-source-guide",
  "requires": true,
  "lockfileVersion": 1,
  "dependencies": {
    "primer-base": {
      "version": "1.1.5",
      "resolved": "https://registry.npmjs.org/primer-base/-/primer-base-1.1.5.tgz",
      "integrity": "sha1-HWfo61Q3C4UGKdSDCX0ZMGzHXsw=",
      "requires": {
        "primer-support": "4.0.7"
      }
    },
    "primer-box": {
      "version": "2.1.8",
      "resolved": "https://registry.npmjs.org/primer-box/-/primer-box-2.1.8.tgz",
      "integrity": "sha1-xFO/zrAKlZIR+yOhJG3DN6UmW18=",
      "requires": {
        "primer-support": "4.0.7"
      }
    },
    "primer-buttons": {
      "version": "2.0.6",
      "resolved": "https://registry.npmjs.org/primer-buttons/-/primer-buttons-2.0.6.tgz",
      "integrity": "sha1-G8YrZR3hATu507wIXbf4ho+tMak=",
      "requires": {
        "primer-support": "4.0.7"
      }
    },
    "primer-core": {
      "version": "6.0.0",
      "resolved": "https://registry.npmjs.org/primer-core/-/primer-core-6.0.0.tgz",
      "integrity": "sha1-R08qyv31qzHDTa6L697XuAeZ6hc=",
      "requires": {
        "primer-base": "1.1.5",
        "primer-box": "2.1.8",
        "primer-buttons": "2.0.6",
        "primer-forms": "1.0.13",
        "primer-layout": "1.0.5",
        "primer-navigation": "1.0.6",
        "primer-support": "4.0.7",
        "primer-table-object": "1.0.9",
        "primer-tooltips": "1.0.2",
        "primer-truncate": "1.0.2",
        "primer-utilities": "4.3.5"
      }
    },
    "primer-forms": {
      "version": "1.0.13",
      "resolved": "https://registry.npmjs.org/primer-forms/-/primer-forms-1.0.13.tgz",
      "integrity": "sha1-XdwAjLCDtiWHHctLDjlM2z3ESZE=",
      "requires": {
        "primer-support": "4.0.7"
      }
    },
    "primer-layout": {
      "version": "1.0.5",
      "resolved": "https://registry.npmjs.org/primer-layout/-/primer-layout-1.0.5.tgz",
      "integrity": "sha1-Jm96jCyLGknv5nc8EGhfuZ5YhTA=",
      "requires": {
        "primer-support": "4.0.7"
      }
    },
    "primer-marketing": {
      "version": "6.3.3",
      "resolved": "https://registry.npmjs.org/primer-marketing/-/primer-marketing-6.3.3.tgz",
      "integrity": "sha512-vmR/YkOlFnQVQSxluXe5lbkH+B7Z2tirgCDGVp+SD9Zs+FJ6YRELmw6cjm0okVkH9205qcMvy9INOunkhKrktw==",
      "requires": {
        "primer-marketing-buttons": "1.0.13",
        "primer-marketing-support": "1.5.6",
        "primer-marketing-type": "1.4.13",
        "primer-marketing-utilities": "1.7.3",
        "primer-page-headers": "1.5.3",
        "primer-page-sections": "1.5.3",
        "primer-support": "4.7.2",
        "primer-tables": "1.5.3"
      },
      "dependencies": {
        "primer-support": {
          "version": "4.7.2",
          "resolved": "https://registry.npmjs.org/primer-support/-/primer-support-4.7.2.tgz",
          "integrity": "sha512-WbfjjITtGV6iXQeaVPL+AzHj1Jv9RHJRp7kIu5ebFXwolWmCqTBpA/8VmWmssyeTfv8zR7iuCoT0UoBF+uGHww=="
        }
      }
    },
    "primer-marketing-buttons": {
      "version": "1.0.13",
      "resolved": "https://registry.npmjs.org/primer-marketing-buttons/-/primer-marketing-buttons-1.0.13.tgz",
      "integrity": "sha512-1MzzrG/68zaEcQypG50uELwQ4MHH9b8aTy3jXxayZRc1qvZaLh5SEcSIHWe5lMIZk8qrtYhr22py9+kibyTKIQ==",
      "requires": {
        "primer-support": "4.7.2"
      },
      "dependencies": {
        "primer-support": {
          "version": "4.7.2",
          "resolved": "https://registry.npmjs.org/primer-support/-/primer-support-4.7.2.tgz",
          "integrity": "sha512-WbfjjITtGV6iXQeaVPL+AzHj1Jv9RHJRp7kIu5ebFXwolWmCqTBpA/8VmWmssyeTfv8zR7iuCoT0UoBF+uGHww=="
        }
      }
    },
    "primer-marketing-support": {
      "version": "1.5.6",
      "resolved": "https://registry.npmjs.org/primer-marketing-support/-/primer-marketing-support-1.5.6.tgz",
      "integrity": "sha512-YU8ein52s/W+s4a4hHZZJbHURfz2FLI5ItrUxqaqJjcT0O2bALP/JbuCZDrbvWxuOSK4kbF22ANmmMGWFIzp/Q=="
    },
    "primer-marketing-type": {
      "version": "1.4.13",
      "resolved": "https://registry.npmjs.org/primer-marketing-type/-/primer-marketing-type-1.4.13.tgz",
      "integrity": "sha512-ke6l3zgc4mF5ArDzZB1TJ5VHbZG2/uwekVROLQOK4v7XI0MkYZWA9tI+k8UhaFLSsw0vGqxM2ibKUzsQH61C8g==",
      "requires": {
        "primer-marketing-support": "1.5.6",
        "primer-support": "4.7.2"
      },
      "dependencies": {
        "primer-support": {
          "version": "4.7.2",
          "resolved": "https://registry.npmjs.org/primer-support/-/primer-support-4.7.2.tgz",
          "integrity": "sha512-WbfjjITtGV6iXQeaVPL+AzHj1Jv9RHJRp7kIu5ebFXwolWmCqTBpA/8VmWmssyeTfv8zR7iuCoT0UoBF+uGHww=="
        }
      }
    },
    "primer-marketing-utilities": {
      "version": "1.7.3",
      "resolved": "https://registry.npmjs.org/primer-marketing-utilities/-/primer-marketing-utilities-1.7.3.tgz",
      "integrity": "sha512-YYDPgyC0G65tPHwZ6ktxfEAqUkJlU2sZjzdcH7thlcg83/UqiZfgmgiiBAxdMjrACY7Q2X9HaHicr5F4rmPhPw==",
      "requires": {
        "primer-marketing-support": "1.5.6",
        "primer-support": "4.7.2"
      },
      "dependencies": {
        "primer-support": {
          "version": "4.7.2",
          "resolved": "https://registry.npmjs.org/primer-support/-/primer-support-4.7.2.tgz",
          "integrity": "sha512-WbfjjITtGV6iXQeaVPL+AzHj1Jv9RHJRp7kIu5ebFXwolWmCqTBpA/8VmWmssyeTfv8zR7iuCoT0UoBF+uGHww=="
        }
      }
    },
    "primer-navigation": {
      "version": "1.0.6",
      "resolved": "https://registry.npmjs.org/primer-navigation/-/primer-navigation-1.0.6.tgz",
      "integrity": "sha1-RY4ZcJvPjp/CphXVobDX0cXVfmo=",
      "requires": {
        "primer-support": "4.0.7"
      }
    },
    "primer-page-headers": {
      "version": "1.5.3",
      "resolved": "https://registry.npmjs.org/primer-page-headers/-/primer-page-headers-1.5.3.tgz",
      "integrity": "sha512-SVgAnr1jz/8qNhr+LsQayHGGICi1pCfBJV2R+zhcooDJC29ddSoTW+LpwvBj1P68c7sJfaMPRmlcq0hUGGG/Pw==",
      "requires": {
        "primer-marketing-support": "1.5.6",
        "primer-support": "4.7.2"
      },
      "dependencies": {
        "primer-support": {
          "version": "4.7.2",
          "resolved": "https://registry.npmjs.org/primer-support/-/primer-support-4.7.2.tgz",
          "integrity": "sha512-WbfjjITtGV6iXQeaVPL+AzHj1Jv9RHJRp7kIu5ebFXwolWmCqTBpA/8VmWmssyeTfv8zR7iuCoT0UoBF+uGHww=="
        }
      }
    },
    "primer-page-sections": {
      "version": "1.5.3",
      "resolved": "https://registry.npmjs.org/primer-page-sections/-/primer-page-sections-1.5.3.tgz",
      "integrity": "sha512-xaj6v+v3FvaSMVFDZAYsrObkvOviPwxYZt0rrkMeoyhrMVG2uB3nD3Kmu3st9UbwobdXjMTSKPkKBcarckwhuw==",
      "requires": {
        "primer-marketing-support": "1.5.6",
        "primer-support": "4.7.2"
      },
      "dependencies": {
        "primer-support": {
          "version": "4.7.2",
          "resolved": "https://registry.npmjs.org/primer-support/-/primer-support-4.7.2.tgz",
          "integrity": "sha512-WbfjjITtGV6iXQeaVPL+AzHj1Jv9RHJRp7kIu5ebFXwolWmCqTBpA/8VmWmssyeTfv8zR7iuCoT0UoBF+uGHww=="
        }
      }
    },
    "primer-support": {
      "version": "4.0.7",
      "resolved": "https://registry.npmjs.org/primer-support/-/primer-support-4.0.7.tgz",
      "integrity": "sha1-ycQzxaWXp4Imhw6j0YxL8Olu6rQ="
    },
    "primer-table-object": {
      "version": "1.0.9",
      "resolved": "https://registry.npmjs.org/primer-table-object/-/primer-table-object-1.0.9.tgz",
      "integrity": "sha1-3KoHzcgG0/h+zqGuEHF8TBhoYoE=",
      "requires": {
        "primer-support": "4.0.7"
      }
    },
    "primer-tables": {
      "version": "1.5.3",
      "resolved": "https://registry.npmjs.org/primer-tables/-/primer-tables-1.5.3.tgz",
      "integrity": "sha512-ZTBG2qQvE9qKI8N7sdN39F8y5sckDRSFR4JkTVQqujrXwoK7kGeqdNXirKFSuzSyW9MnBt02tOTQ65xC0xl3sg==",
      "requires": {
        "primer-marketing-support": "1.5.6",
        "primer-support": "4.7.2"
      },
      "dependencies": {
        "primer-support": {
          "version": "4.7.2",
          "resolved": "https://registry.npmjs.org/primer-support/-/primer-support-4.7.2.tgz",
          "integrity": "sha512-WbfjjITtGV6iXQeaVPL+AzHj1Jv9RHJRp7kIu5ebFXwolWmCqTBpA/8VmWmssyeTfv8zR7iuCoT0UoBF+uGHww=="
        }
      }
    },
    "primer-tooltips": {
      "version": "1.0.2",
      "resolved": "https://registry.npmjs.org/primer-tooltips/-/primer-tooltips-1.0.2.tgz",
      "integrity": "sha1-BXKXOXu0UDgvxzajubfHduiIpn8=",
      "requires": {
        "primer-support": "4.0.7"
      }
    },
    "primer-truncate": {
      "version": "1.0.2",
      "resolved": "https://registry.npmjs.org/primer-truncate/-/primer-truncate-1.0.2.tgz",
      "integrity": "sha1-3L+knGlT8mS2/3xq8P91pYWB1nE=",
      "requires": {
        "primer-support": "4.0.7"
      }
    },
    "primer-utilities": {
      "version": "4.3.5",
      "resolved": "https://registry.npmjs.org/primer-utilities/-/primer-utilities-4.3.5.tgz",
      "integrity": "sha1-QsWOaBRZST/pnylWxLO/fAQAXWc=",
      "requires": {
        "primer-support": "4.0.7"
      }
    }
  }
}
