{
  "name": "open-source-guide",
  "requires": true,
  "lockfileVersion": 1,
  "dependencies": {
    "primer-base": {
      "version": "1.1.5",
      "resolved": "https://registry.npmjs.org/primer-base/-/primer-base-1.1.5.tgz",
      "integrity": "sha1-HWfo61Q3C4UGKdSDCX0ZMGzHXsw=",
      "requires": {
        "primer-support": "4.0.7"
      }
    },
    "primer-box": {
      "version": "2.1.8",
      "resolved": "https://registry.npmjs.org/primer-box/-/primer-box-2.1.8.tgz",
      "integrity": "sha1-xFO/zrAKlZIR+yOhJG3DN6UmW18=",
      "requires": {
        "primer-support": "4.0.7"
      }
    },
    "primer-buttons": {
      "version": "2.0.6",
      "resolved": "https://registry.npmjs.org/primer-buttons/-/primer-buttons-2.0.6.tgz",
      "integrity": "sha1-G8YrZR3hATu507wIXbf4ho+tMak=",
      "requires": {
        "primer-support": "4.0.7"
      }
    },
    "primer-core": {
      "version": "6.0.0",
      "resolved": "https://registry.npmjs.org/primer-core/-/primer-core-6.0.0.tgz",
      "integrity": "sha1-R08qyv31qzHDTa6L697XuAeZ6hc=",
      "requires": {
        "primer-base": "1.1.5",
        "primer-box": "2.1.8",
        "primer-buttons": "2.0.6",
        "primer-forms": "1.0.13",
        "primer-layout": "1.0.5",
        "primer-navigation": "1.0.6",
        "primer-support": "4.0.7",
        "primer-table-object": "1.0.9",
        "primer-tooltips": "1.0.2",
        "primer-truncate": "1.0.2",
        "primer-utilities": "4.3.5"
      }
    },
    "primer-forms": {
      "version": "1.0.13",
      "resolved": "https://registry.npmjs.org/primer-forms/-/primer-forms-1.0.13.tgz",
      "integrity": "sha1-XdwAjLCDtiWHHctLDjlM2z3ESZE=",
      "requires": {
        "primer-support": "4.0.7"
      }
    },
    "primer-layout": {
      "version": "1.0.5",
      "resolved": "https://registry.npmjs.org/primer-layout/-/primer-layout-1.0.5.tgz",
      "integrity": "sha1-Jm96jCyLGknv5nc8EGhfuZ5YhTA=",
      "requires": {
        "primer-support": "4.0.7"
      }
    },
    "primer-marketing": {
      "version": "7.0.0",
      "resolved": "https://registry.npmjs.org/primer-marketing/-/primer-marketing-7.0.0.tgz",
      "integrity": "sha512-gLIWiE3pW1rXEEnmfz2eekq4LC27QUeMccrG87EU5qyEnu8LMr59c5LRibc5EJaCsa4708Jd2WxxSXEfD0ieug==",
      "requires": {
        "primer-marketing-buttons": "2.0.0",
        "primer-marketing-support": "2.0.0",
        "primer-marketing-type": "2.0.0",
        "primer-marketing-utilities": "2.0.0",
        "primer-support": "5.0.0"
      },
      "dependencies": {
        "primer-support": {
          "version": "5.0.0",
          "resolved": "https://registry.npmjs.org/primer-support/-/primer-support-5.0.0.tgz",
          "integrity": "sha512-inUxVSsGirn5IkPxBhFsMBgm8ZHyfOUmOWyDCN8cBXtbaLiCIAjHsPI46yS1zrWxnn0J2kvq8haomkrlHGF08g=="
        }
      }
    },
    "primer-marketing-buttons": {
      "version": "2.0.0",
      "resolved": "https://registry.npmjs.org/primer-marketing-buttons/-/primer-marketing-buttons-2.0.0.tgz",
      "integrity": "sha512-R8DvbvI6QjH9/xG2diqReqHhkMgKbiJ7+xg2VTlQon3H5sAxvUqBiqfqY+ZrZ9K5eyrLP+3Z/cgysKd/xe1U2A==",
      "requires": {
        "primer-marketing-support": "2.0.0",
        "primer-support": "5.0.0"
      },
      "dependencies": {
        "primer-support": {
          "version": "5.0.0",
          "resolved": "https://registry.npmjs.org/primer-support/-/primer-support-5.0.0.tgz",
          "integrity": "sha512-inUxVSsGirn5IkPxBhFsMBgm8ZHyfOUmOWyDCN8cBXtbaLiCIAjHsPI46yS1zrWxnn0J2kvq8haomkrlHGF08g=="
        }
      }
    },
    "primer-marketing-support": {
      "version": "2.0.0",
      "resolved": "https://registry.npmjs.org/primer-marketing-support/-/primer-marketing-support-2.0.0.tgz",
      "integrity": "sha512-HyYxwDVn9aGVN4wyXiIAzHrAgmoyNlXvZpRXh/UZRlA9EfZMxlCji3KhuMFzQFtYi+nXt7f/cTB5AX9YRnlVZg==",
      "requires": {
        "primer-support": "5.0.0"
      },
      "dependencies": {
        "primer-support": {
          "version": "5.0.0",
          "resolved": "https://registry.npmjs.org/primer-support/-/primer-support-5.0.0.tgz",
          "integrity": "sha512-inUxVSsGirn5IkPxBhFsMBgm8ZHyfOUmOWyDCN8cBXtbaLiCIAjHsPI46yS1zrWxnn0J2kvq8haomkrlHGF08g=="
        }
      }
    },
    "primer-marketing-type": {
      "version": "2.0.0",
      "resolved": "https://registry.npmjs.org/primer-marketing-type/-/primer-marketing-type-2.0.0.tgz",
      "integrity": "sha512-c+bCjKVulTrRhjAHJ7pcaFYDUYiSecVFXMo6DkA9v5JvZ2cK/m4LySo5Eb2qbQmPBwLx6t/V1TnxD2cgKtdIDA==",
      "requires": {
        "primer-marketing-support": "2.0.0",
        "primer-support": "5.0.0"
      },
      "dependencies": {
        "primer-support": {
          "version": "5.0.0",
          "resolved": "https://registry.npmjs.org/primer-support/-/primer-support-5.0.0.tgz",
          "integrity": "sha512-inUxVSsGirn5IkPxBhFsMBgm8ZHyfOUmOWyDCN8cBXtbaLiCIAjHsPI46yS1zrWxnn0J2kvq8haomkrlHGF08g=="
        }
      }
    },
    "primer-marketing-utilities": {
      "version": "2.0.0",
      "resolved": "https://registry.npmjs.org/primer-marketing-utilities/-/primer-marketing-utilities-2.0.0.tgz",
      "integrity": "sha512-R2Y8uaOy44J9NtBNlLJKUrPKxtxv8svss3vP8YS4RRWISUSQGcjxRFPUX5ra8hqaenWO/NBbmeFVJXDwgrKu1A==",
      "requires": {
        "primer-marketing-support": "2.0.0",
        "primer-support": "5.0.0"
      },
      "dependencies": {
        "primer-support": {
          "version": "5.0.0",
          "resolved": "https://registry.npmjs.org/primer-support/-/primer-support-5.0.0.tgz",
          "integrity": "sha512-inUxVSsGirn5IkPxBhFsMBgm8ZHyfOUmOWyDCN8cBXtbaLiCIAjHsPI46yS1zrWxnn0J2kvq8haomkrlHGF08g=="
        }
      }
    },
    "primer-navigation": {
      "version": "1.0.6",
      "resolved": "https://registry.npmjs.org/primer-navigation/-/primer-navigation-1.0.6.tgz",
      "integrity": "sha1-RY4ZcJvPjp/CphXVobDX0cXVfmo=",
      "requires": {
        "primer-support": "4.0.7"
      }
    },
    "primer-support": {
      "version": "4.0.7",
      "resolved": "https://registry.npmjs.org/primer-support/-/primer-support-4.0.7.tgz",
      "integrity": "sha1-ycQzxaWXp4Imhw6j0YxL8Olu6rQ="
    },
    "primer-table-object": {
      "version": "1.0.9",
      "resolved": "https://registry.npmjs.org/primer-table-object/-/primer-table-object-1.0.9.tgz",
      "integrity": "sha1-3KoHzcgG0/h+zqGuEHF8TBhoYoE=",
      "requires": {
        "primer-support": "4.0.7"
      }
    },
    "primer-tooltips": {
      "version": "1.0.2",
      "resolved": "https://registry.npmjs.org/primer-tooltips/-/primer-tooltips-1.0.2.tgz",
      "integrity": "sha1-BXKXOXu0UDgvxzajubfHduiIpn8=",
      "requires": {
        "primer-support": "4.0.7"
      }
    },
    "primer-truncate": {
      "version": "1.0.2",
      "resolved": "https://registry.npmjs.org/primer-truncate/-/primer-truncate-1.0.2.tgz",
      "integrity": "sha1-3L+knGlT8mS2/3xq8P91pYWB1nE=",
      "requires": {
        "primer-support": "4.0.7"
      }
    },
    "primer-utilities": {
      "version": "4.3.5",
      "resolved": "https://registry.npmjs.org/primer-utilities/-/primer-utilities-4.3.5.tgz",
      "integrity": "sha1-QsWOaBRZST/pnylWxLO/fAQAXWc=",
      "requires": {
        "primer-support": "4.0.7"
      }
    }
  }
}
