{
  "name": "open-source-guide",
  "requires": true,
  "lockfileVersion": 1,
  "dependencies": {
    "primer-base": {
      "version": "1.1.5",
      "resolved": "https://registry.npmjs.org/primer-base/-/primer-base-1.1.5.tgz",
      "integrity": "sha1-HWfo61Q3C4UGKdSDCX0ZMGzHXsw=",
      "requires": {
        "primer-support": "4.0.7"
      }
    },
    "primer-box": {
      "version": "2.1.8",
      "resolved": "https://registry.npmjs.org/primer-box/-/primer-box-2.1.8.tgz",
      "integrity": "sha1-xFO/zrAKlZIR+yOhJG3DN6UmW18=",
      "requires": {
        "primer-support": "4.0.7"
      }
    },
    "primer-buttons": {
      "version": "2.0.6",
      "resolved": "https://registry.npmjs.org/primer-buttons/-/primer-buttons-2.0.6.tgz",
      "integrity": "sha1-G8YrZR3hATu507wIXbf4ho+tMak=",
      "requires": {
        "primer-support": "4.0.7"
      }
    },
    "primer-core": {
      "version": "6.0.0",
      "resolved": "https://registry.npmjs.org/primer-core/-/primer-core-6.0.0.tgz",
      "integrity": "sha1-R08qyv31qzHDTa6L697XuAeZ6hc=",
      "requires": {
        "primer-base": "1.1.5",
        "primer-box": "2.1.8",
        "primer-buttons": "2.0.6",
        "primer-forms": "1.0.13",
        "primer-layout": "1.0.5",
        "primer-navigation": "1.0.6",
        "primer-support": "4.0.7",
        "primer-table-object": "1.0.9",
        "primer-tooltips": "1.0.2",
        "primer-truncate": "1.0.2",
        "primer-utilities": "4.3.5"
      }
    },
    "primer-forms": {
      "version": "1.0.13",
      "resolved": "https://registry.npmjs.org/primer-forms/-/primer-forms-1.0.13.tgz",
      "integrity": "sha1-XdwAjLCDtiWHHctLDjlM2z3ESZE=",
      "requires": {
        "primer-support": "4.0.7"
      }
    },
    "primer-layout": {
      "version": "1.0.5",
      "resolved": "https://registry.npmjs.org/primer-layout/-/primer-layout-1.0.5.tgz",
      "integrity": "sha1-Jm96jCyLGknv5nc8EGhfuZ5YhTA=",
      "requires": {
        "primer-support": "4.0.7"
      }
    },
    "primer-marketing": {
      "version": "6.3.2",
      "resolved": "https://registry.npmjs.org/primer-marketing/-/primer-marketing-6.3.2.tgz",
      "integrity": "sha512-vJKwOZaw4MmGlo6bFHzdbvEC6VAdmK0YwGO+1nMOFOeCXGru7WdLUClQweVl13me828lTKp767uqonYTtNwVBQ==",
      "requires": {
        "primer-marketing-buttons": "1.0.12",
        "primer-marketing-support": "1.5.5",
        "primer-marketing-type": "1.4.12",
        "primer-marketing-utilities": "1.7.2",
        "primer-page-headers": "1.5.2",
        "primer-page-sections": "1.5.2",
        "primer-support": "4.7.1",
        "primer-tables": "1.5.2"
      },
      "dependencies": {
        "primer-support": {
          "version": "4.7.1",
          "resolved": "https://registry.npmjs.org/primer-support/-/primer-support-4.7.1.tgz",
          "integrity": "sha512-BruDzdeTQW7UVsyR2eKxTWMHRzumCTs+Sc6I5reOwTmBIJ2o9CWtj1DvAO8l97+rzQiyajJWi/fJ7i2Zr9Uupg=="
        }
      }
    },
    "primer-marketing-buttons": {
      "version": "1.0.12",
      "resolved": "https://registry.npmjs.org/primer-marketing-buttons/-/primer-marketing-buttons-1.0.12.tgz",
      "integrity": "sha512-Nw+DdFUa+bhBCUVPDHdTEUR+3ihLbyL7ivuEytc+FcdwO1aYvyiPEp3IK226ZP6rFp1m2dChQAovRMOxp0071g==",
      "requires": {
        "primer-support": "4.7.1"
      },
      "dependencies": {
        "primer-support": {
          "version": "4.7.1",
          "resolved": "https://registry.npmjs.org/primer-support/-/primer-support-4.7.1.tgz",
          "integrity": "sha512-BruDzdeTQW7UVsyR2eKxTWMHRzumCTs+Sc6I5reOwTmBIJ2o9CWtj1DvAO8l97+rzQiyajJWi/fJ7i2Zr9Uupg=="
        }
      }
    },
    "primer-marketing-support": {
      "version": "1.5.5",
      "resolved": "https://registry.npmjs.org/primer-marketing-support/-/primer-marketing-support-1.5.5.tgz",
      "integrity": "sha512-65FiUjpK4bMY7mOFnDr56ByLLfSYMOpbrHXKqZFg1PuWXXB+Dp1t37nRJE6mR4/Bn7kXi0VZjnK+1vt8BmzmnA=="
    },
    "primer-marketing-type": {
      "version": "1.4.12",
      "resolved": "https://registry.npmjs.org/primer-marketing-type/-/primer-marketing-type-1.4.12.tgz",
      "integrity": "sha512-mHQXCbVmZQpIun9P4SetDvIBS+cmNfDQekmKhWUEFG6hSaQSu+ztOIf3jH4/1Qz1IIf9+Sp0nyCX1iw9bI9FoA==",
      "requires": {
        "primer-marketing-support": "1.5.5",
        "primer-support": "4.7.1"
      },
      "dependencies": {
        "primer-support": {
          "version": "4.7.1",
          "resolved": "https://registry.npmjs.org/primer-support/-/primer-support-4.7.1.tgz",
          "integrity": "sha512-BruDzdeTQW7UVsyR2eKxTWMHRzumCTs+Sc6I5reOwTmBIJ2o9CWtj1DvAO8l97+rzQiyajJWi/fJ7i2Zr9Uupg=="
        }
      }
    },
    "primer-marketing-utilities": {
      "version": "1.7.2",
      "resolved": "https://registry.npmjs.org/primer-marketing-utilities/-/primer-marketing-utilities-1.7.2.tgz",
      "integrity": "sha512-IJ4+lbHuRK1fQpl8Av7VtTX9k6P20O/r6Mr85PaOkLeB2wtXSnCFvydRleqFZBMjqJFIeeeVMm78hGhICbCqHw==",
      "requires": {
        "primer-marketing-support": "1.5.5",
        "primer-support": "4.7.1"
      },
      "dependencies": {
        "primer-support": {
          "version": "4.7.1",
          "resolved": "https://registry.npmjs.org/primer-support/-/primer-support-4.7.1.tgz",
          "integrity": "sha512-BruDzdeTQW7UVsyR2eKxTWMHRzumCTs+Sc6I5reOwTmBIJ2o9CWtj1DvAO8l97+rzQiyajJWi/fJ7i2Zr9Uupg=="
        }
      }
    },
    "primer-navigation": {
      "version": "1.0.6",
      "resolved": "https://registry.npmjs.org/primer-navigation/-/primer-navigation-1.0.6.tgz",
      "integrity": "sha1-RY4ZcJvPjp/CphXVobDX0cXVfmo=",
      "requires": {
        "primer-support": "4.0.7"
      }
    },
    "primer-page-headers": {
      "version": "1.5.2",
      "resolved": "https://registry.npmjs.org/primer-page-headers/-/primer-page-headers-1.5.2.tgz",
      "integrity": "sha512-Ca822722XxouZK0gAL23A+S0T3bzLrUvR+ZA+xGtAByULudPhe24FCSiXhdOOBc3WmwpkXYCGLQwItLtORVmYw==",
      "requires": {
        "primer-marketing-support": "1.5.5",
        "primer-support": "4.7.1"
      },
      "dependencies": {
        "primer-support": {
          "version": "4.7.1",
          "resolved": "https://registry.npmjs.org/primer-support/-/primer-support-4.7.1.tgz",
          "integrity": "sha512-BruDzdeTQW7UVsyR2eKxTWMHRzumCTs+Sc6I5reOwTmBIJ2o9CWtj1DvAO8l97+rzQiyajJWi/fJ7i2Zr9Uupg=="
        }
      }
    },
    "primer-page-sections": {
      "version": "1.5.2",
      "resolved": "https://registry.npmjs.org/primer-page-sections/-/primer-page-sections-1.5.2.tgz",
      "integrity": "sha512-F93dzA9SDJCOIhrxtnlfDjbDxwwDm6A6C8r3muX2wuzaZSGe9HmwB4w6QusHtqP+cXYAdnvXIB+PJLZiQTZkSw==",
      "requires": {
        "primer-marketing-support": "1.5.5",
        "primer-support": "4.7.1"
      },
      "dependencies": {
        "primer-support": {
          "version": "4.7.1",
          "resolved": "https://registry.npmjs.org/primer-support/-/primer-support-4.7.1.tgz",
          "integrity": "sha512-BruDzdeTQW7UVsyR2eKxTWMHRzumCTs+Sc6I5reOwTmBIJ2o9CWtj1DvAO8l97+rzQiyajJWi/fJ7i2Zr9Uupg=="
        }
      }
    },
    "primer-support": {
      "version": "4.0.7",
      "resolved": "https://registry.npmjs.org/primer-support/-/primer-support-4.0.7.tgz",
      "integrity": "sha1-ycQzxaWXp4Imhw6j0YxL8Olu6rQ="
    },
    "primer-table-object": {
      "version": "1.0.9",
      "resolved": "https://registry.npmjs.org/primer-table-object/-/primer-table-object-1.0.9.tgz",
      "integrity": "sha1-3KoHzcgG0/h+zqGuEHF8TBhoYoE=",
      "requires": {
        "primer-support": "4.0.7"
      }
    },
    "primer-tables": {
      "version": "1.5.2",
      "resolved": "https://registry.npmjs.org/primer-tables/-/primer-tables-1.5.2.tgz",
      "integrity": "sha512-VwR3MFgM5EAIvhNOVd9wAS31fFgtgT/bvbXHNSDBDlONswgxz12wIJ24d0ECBUetVKPxewooav8Rt1oznpC2ow==",
      "requires": {
        "primer-marketing-support": "1.5.5",
        "primer-support": "4.7.1"
      },
      "dependencies": {
        "primer-support": {
          "version": "4.7.1",
          "resolved": "https://registry.npmjs.org/primer-support/-/primer-support-4.7.1.tgz",
          "integrity": "sha512-BruDzdeTQW7UVsyR2eKxTWMHRzumCTs+Sc6I5reOwTmBIJ2o9CWtj1DvAO8l97+rzQiyajJWi/fJ7i2Zr9Uupg=="
        }
      }
    },
    "primer-tooltips": {
      "version": "1.0.2",
      "resolved": "https://registry.npmjs.org/primer-tooltips/-/primer-tooltips-1.0.2.tgz",
      "integrity": "sha1-BXKXOXu0UDgvxzajubfHduiIpn8=",
      "requires": {
        "primer-support": "4.0.7"
      }
    },
    "primer-truncate": {
      "version": "1.0.2",
      "resolved": "https://registry.npmjs.org/primer-truncate/-/primer-truncate-1.0.2.tgz",
      "integrity": "sha1-3L+knGlT8mS2/3xq8P91pYWB1nE=",
      "requires": {
        "primer-support": "4.0.7"
      }
    },
    "primer-utilities": {
      "version": "4.3.5",
      "resolved": "https://registry.npmjs.org/primer-utilities/-/primer-utilities-4.3.5.tgz",
      "integrity": "sha1-QsWOaBRZST/pnylWxLO/fAQAXWc=",
      "requires": {
        "primer-support": "4.0.7"
      }
    }
  }
}
